
Microsoft Visual Studio Solution File, Format Version 12.00
# Visual Studio Version 17
VisualStudioVersion = 17.0.31919.166
MinimumVisualStudioVersion = 10.0.40219.1
Project("{FAE04EC0-301F-11D3-BF4B-00C04F79EFBC}") = "MapLibrary", "MapLibrary\MapLibrary.csproj", "{346B2594-BF57-4514-92CA-AAAFE7AFF314}"
EndProject
Project("{FAE04EC0-301F-11D3-BF4B-00C04F79EFBC}") = "MapLibrary.Tests", "MapLibrary.Tests\MapLibrary.Tests.csproj", "{91624884-0992-4F89-9034-0247C019A47E}"
EndProject
Global
	GlobalSection(SolutionConfigurationPlatforms) = preSolution
		Debug|Any CPU = Debug|Any CPU
		Release|Any CPU = Release|Any CPU
	EndGlobalSection
	GlobalSection(ProjectConfigurationPlatforms) = postSolution
		{346B2594-BF57-4514-92CA-AAAFE7AFF314}.Debug|Any CPU.ActiveCfg = Debug|Any CPU
		{346B2594-BF57-4514-92CA-AAAFE7AFF314}.Debug|Any CPU.Build.0 = Debug|Any CPU
		{346B2594-BF57-4514-92CA-AAAFE7AFF314}.Release|Any CPU.ActiveCfg = Release|Any CPU
		{346B2594-BF57-4514-92CA-AAAFE7AFF314}.Release|Any CPU.Build.0 = Release|Any CPU
		{91624884-0992-4F89-9034-0247C019A47E}.Debug|Any CPU.ActiveCfg = Debug|Any CPU
		{91624884-0992-4F89-9034-0247C019A47E}.Debug|Any CPU.Build.0 = Debug|Any CPU
		{91624884-0992-4F89-9034-0247C019A47E}.Release|Any CPU.ActiveCfg = Release|Any CPU
		{91624884-0992-4F89-9034-0247C019A47E}.Release|Any CPU.Build.0 = Release|Any CPU
	EndGlobalSection
	GlobalSection(SolutionProperties) = preSolution
		HideSolutionNode = FALSE
	EndGlobalSection
	GlobalSection(ExtensibilityGlobals) = postSolution
		SolutionGuid = {CE11CAE2-6B3E-40FC-B4BA-F005599A40BA}
	EndGlobalSection
EndGlobal
